
Microsoft Visual Studio Solution File, Format Version 12.00
# Visual Studio Version 17
VisualStudioVersion = 17.12.35707.178
MinimumVisualStudioVersion = 10.0.40219.1
Project("{FAE04EC0-301F-11D3-BF4B-00C04F79EFBC}") = "MessagePack", "src\MessagePack.csproj", "{151C2029-29FA-486D-962B-16487DB1ACCD}"
EndProject
Project("{2150E333-8FDC-42A3-9474-1A3956D46DE8}") = "test", "test", "{DCFDE357-A648-4367-8FF7-4BA774690071}"
EndProject
Project("{FAE04EC0-301F-11D3-BF4B-00C04F79EFBC}") = "IntegrationTests", "test\IntegrationTests\IntegrationTests.csproj", "{52454F51-7E70-40B1-B7F7-036ED42EF0F4}"
EndProject
Global
	GlobalSection(SolutionConfigurationPlatforms) = preSolution
		Debug|Any CPU = Debug|Any CPU
		Release|Any CPU = Release|Any CPU
	EndGlobalSection
	GlobalSection(ProjectConfigurationPlatforms) = postSolution
		{151C2029-29FA-486D-962B-16487DB1ACCD}.Debug|Any CPU.ActiveCfg = Debug|Any CPU
		{151C2029-29FA-486D-962B-16487DB1ACCD}.Debug|Any CPU.Build.0 = Debug|Any CPU
		{151C2029-29FA-486D-962B-16487DB1ACCD}.Release|Any CPU.ActiveCfg = Release|Any CPU
		{151C2029-29FA-486D-962B-16487DB1ACCD}.Release|Any CPU.Build.0 = Release|Any CPU
		{52454F51-7E70-40B1-B7F7-036ED42EF0F4}.Debug|Any CPU.ActiveCfg = Debug|Any CPU
		{52454F51-7E70-40B1-B7F7-036ED42EF0F4}.Debug|Any CPU.Build.0 = Debug|Any CPU
		{52454F51-7E70-40B1-B7F7-036ED42EF0F4}.Release|Any CPU.ActiveCfg = Release|Any CPU
		{52454F51-7E70-40B1-B7F7-036ED42EF0F4}.Release|Any CPU.Build.0 = Release|Any CPU
	EndGlobalSection
	GlobalSection(SolutionProperties) = preSolution
		HideSolutionNode = FALSE
	EndGlobalSection
	GlobalSection(NestedProjects) = preSolution
		{52454F51-7E70-40B1-B7F7-036ED42EF0F4} = {DCFDE357-A648-4367-8FF7-4BA774690071}
	EndGlobalSection
EndGlobal
